
Microsoft Visual Studio Solution File, Format Version 12.00
# Visual Studio 15
VisualStudioVersion = 15.0.26730.12
MinimumVisualStudioVersion = 10.0.40219.1
Project("{9A19103F-16F7-4668-BE54-9A1E7A4F7556}") = "EzCoreApi", "EzCoreApi\EzCoreApi.csproj", "{C8333C75-1CF5-4BCD-864D-BFE8FF545D58}"
EndProject
Project("{FAE04EC0-301F-11D3-BF4B-00C04F79EFBC}") = "EzModels", "EzModels\EzModels.csproj", "{400BC32F-2F31-457C-870B-F74860E7B5A0}"
EndProject
Project("{FAE04EC0-301F-11D3-BF4B-00C04F79EFBC}") = "EzBL", "EzBL\EzBL.csproj", "{5DDB7A34-097D-48AA-A5D1-8612025699A4}"
EndProject
Global
	GlobalSection(SolutionConfigurationPlatforms) = preSolution
		Debug|Any CPU = Debug|Any CPU
		Release|Any CPU = Release|Any CPU
	EndGlobalSection
	GlobalSection(ProjectConfigurationPlatforms) = postSolution
		{C8333C75-1CF5-4BCD-864D-BFE8FF545D58}.Debug|Any CPU.ActiveCfg = Debug|Any CPU
		{C8333C75-1CF5-4BCD-864D-BFE8FF545D58}.Debug|Any CPU.Build.0 = Debug|Any CPU
		{C8333C75-1CF5-4BCD-864D-BFE8FF545D58}.Release|Any CPU.ActiveCfg = Release|Any CPU
		{C8333C75-1CF5-4BCD-864D-BFE8FF545D58}.Release|Any CPU.Build.0 = Release|Any CPU
		{400BC32F-2F31-457C-870B-F74860E7B5A0}.Debug|Any CPU.ActiveCfg = Debug|Any CPU
		{400BC32F-2F31-457C-870B-F74860E7B5A0}.Debug|Any CPU.Build.0 = Debug|Any CPU
		{400BC32F-2F31-457C-870B-F74860E7B5A0}.Release|Any CPU.ActiveCfg = Release|Any CPU
		{400BC32F-2F31-457C-870B-F74860E7B5A0}.Release|Any CPU.Build.0 = Release|Any CPU
		{5DDB7A34-097D-48AA-A5D1-8612025699A4}.Debug|Any CPU.ActiveCfg = Debug|Any CPU
		{5DDB7A34-097D-48AA-A5D1-8612025699A4}.Debug|Any CPU.Build.0 = Debug|Any CPU
		{5DDB7A34-097D-48AA-A5D1-8612025699A4}.Release|Any CPU.ActiveCfg = Release|Any CPU
		{5DDB7A34-097D-48AA-A5D1-8612025699A4}.Release|Any CPU.Build.0 = Release|Any CPU
	EndGlobalSection
	GlobalSection(SolutionProperties) = preSolution
		HideSolutionNode = FALSE
	EndGlobalSection
	GlobalSection(ExtensibilityGlobals) = postSolution
		SolutionGuid = {1E32F01D-4227-4A1E-A7DC-77E81E6177B4}
	EndGlobalSection
EndGlobal
